
Microsoft Visual Studio Solution File, Format Version 12.00
# Visual Studio 15
VisualStudioVersion = 15.0.27130.2036
MinimumVisualStudioVersion = 10.0.40219.1
Project("{FAE04EC0-301F-11D3-BF4B-00C04F79EFBC}") = "TrainData", "TrainData\TrainData.csproj", "{23A86190-6109-41F8-ACEB-4EDAD6ED9095}"
EndProject
Global
	GlobalSection(SolutionConfigurationPlatforms) = preSolution
		Debug|Any CPU = Debug|Any CPU
		Release|Any CPU = Release|Any CPU
	EndGlobalSection
	GlobalSection(ProjectConfigurationPlatforms) = postSolution
		{23A86190-6109-41F8-ACEB-4EDAD6ED9095}.Debug|Any CPU.ActiveCfg = Debug|Any CPU
		{23A86190-6109-41F8-ACEB-4EDAD6ED9095}.Debug|Any CPU.Build.0 = Debug|Any CPU
		{23A86190-6109-41F8-ACEB-4EDAD6ED9095}.Release|Any CPU.ActiveCfg = Release|Any CPU
		{23A86190-6109-41F8-ACEB-4EDAD6ED9095}.Release|Any CPU.Build.0 = Release|Any CPU
	EndGlobalSection
	GlobalSection(SolutionProperties) = preSolution
		HideSolutionNode = FALSE
	EndGlobalSection
	GlobalSection(ExtensibilityGlobals) = postSolution
		SolutionGuid = {065F597C-7EB1-4B94-9425-96353EB3E46A}
	EndGlobalSection
EndGlobal
